
Microsoft Visual Studio Solution File, Format Version 12.00
# Visual Studio Version 17
VisualStudioVersion = 17.9.34622.214
MinimumVisualStudioVersion = 10.0.40219.1
Project("{FAE04EC0-301F-11D3-BF4B-00C04F79EFBC}") = "ConsoleApp1", "ConsoleApp1\ConsoleApp1.csproj", "{57D6BC47-D711-4E68-A0EE-BE6E6DFA700E}"
EndProject
Global
	GlobalSection(SolutionConfigurationPlatforms) = preSolution
		Debug|Any CPU = Debug|Any CPU
		Release|Any CPU = Release|Any CPU
	EndGlobalSection
	GlobalSection(ProjectConfigurationPlatforms) = postSolution
		{57D6BC47-D711-4E68-A0EE-BE6E6DFA700E}.Debug|Any CPU.ActiveCfg = Debug|Any CPU
		{57D6BC47-D711-4E68-A0EE-BE6E6DFA700E}.Debug|Any CPU.Build.0 = Debug|Any CPU
		{57D6BC47-D711-4E68-A0EE-BE6E6DFA700E}.Release|Any CPU.ActiveCfg = Release|Any CPU
		{57D6BC47-D711-4E68-A0EE-BE6E6DFA700E}.Release|Any CPU.Build.0 = Release|Any CPU
	EndGlobalSection
	GlobalSection(SolutionProperties) = preSolution
		HideSolutionNode = FALSE
	EndGlobalSection
	GlobalSection(ExtensibilityGlobals) = postSolution
		SolutionGuid = {D3D1A78C-C259-45E2-9F45-5CA296548D66}
	EndGlobalSection
EndGlobal
